<Solution>
  <Project Path="BiSoft.CarteleraPeliculas.Application/BiSoft.CarteleraPeliculas.Application.csproj" Id="d19f567e-0022-46ce-a749-c7d0ce520c30" />
  <Project Path="BiSoft.CarteleraPeliculas.Domain/BiSoft.CarteleraPeliculas.Domain.csproj" Id="322238e0-ffcd-4e2c-82d6-84adb6708920" />
</Solution>
